
Microsoft Visual Studio Solution File, Format Version 12.00
# Visual Studio Version 17
VisualStudioVersion = 17.1.32228.430
MinimumVisualStudioVersion = 10.0.40219.1
Project("{FAE04EC0-301F-11D3-BF4B-00C04F79EFBC}") = "ByteBankApp", "ByteBankApp\ByteBankApp.csproj", "{50092BBB-560C-4BFD-BD30-2B8809540E66}"
EndProject
Global
	GlobalSection(SolutionConfigurationPlatforms) = preSolution
		Debug|Any CPU = Debug|Any CPU
		Release|Any CPU = Release|Any CPU
	EndGlobalSection
	GlobalSection(ProjectConfigurationPlatforms) = postSolution
		{50092BBB-560C-4BFD-BD30-2B8809540E66}.Debug|Any CPU.ActiveCfg = Debug|Any CPU
		{50092BBB-560C-4BFD-BD30-2B8809540E66}.Debug|Any CPU.Build.0 = Debug|Any CPU
		{50092BBB-560C-4BFD-BD30-2B8809540E66}.Release|Any CPU.ActiveCfg = Release|Any CPU
		{50092BBB-560C-4BFD-BD30-2B8809540E66}.Release|Any CPU.Build.0 = Release|Any CPU
	EndGlobalSection
	GlobalSection(SolutionProperties) = preSolution
		HideSolutionNode = FALSE
	EndGlobalSection
	GlobalSection(ExtensibilityGlobals) = postSolution
		SolutionGuid = {BA8048FE-C1D5-4B7A-A64B-787531381938}
	EndGlobalSection
EndGlobal
